
Microsoft Visual Studio Solution File, Format Version 12.00
# Visual Studio 15
VisualStudioVersion = 15.0.28010.2026
MinimumVisualStudioVersion = 10.0.40219.1
Project("{8BC9CEB8-8B4A-11D0-8D11-00A0C91BC942}") = "Shashki_project", "Shashki_project\Shashki_project.vcxproj", "{298D932B-587E-4B67-BD0C-3DED5586D39E}"
EndProject
Project("{2150E333-8FDC-42A3-9474-1A3956D46DE8}") = "Solution Items", "Solution Items", "{BC882FC0-C43D-47A4-8A4E-C5ED184FC92C}"
	ProjectSection(SolutionItems) = preProject
		Shashki_project\main_controls.h = Shashki_project\main_controls.h
	EndProjectSection
EndProject
Global
	GlobalSection(SolutionConfigurationPlatforms) = preSolution
		Debug|x64 = Debug|x64
		Debug|x86 = Debug|x86
		Release|x64 = Release|x64
		Release|x86 = Release|x86
	EndGlobalSection
	GlobalSection(ProjectConfigurationPlatforms) = postSolution
		{298D932B-587E-4B67-BD0C-3DED5586D39E}.Debug|x64.ActiveCfg = Debug|x64
		{298D932B-587E-4B67-BD0C-3DED5586D39E}.Debug|x64.Build.0 = Debug|x64
		{298D932B-587E-4B67-BD0C-3DED5586D39E}.Debug|x86.ActiveCfg = Debug|Win32
		{298D932B-587E-4B67-BD0C-3DED5586D39E}.Debug|x86.Build.0 = Debug|Win32
		{298D932B-587E-4B67-BD0C-3DED5586D39E}.Release|x64.ActiveCfg = Release|x64
		{298D932B-587E-4B67-BD0C-3DED5586D39E}.Release|x64.Build.0 = Release|x64
		{298D932B-587E-4B67-BD0C-3DED5586D39E}.Release|x86.ActiveCfg = Release|Win32
		{298D932B-587E-4B67-BD0C-3DED5586D39E}.Release|x86.Build.0 = Release|Win32
	EndGlobalSection
	GlobalSection(SolutionProperties) = preSolution
		HideSolutionNode = FALSE
	EndGlobalSection
	GlobalSection(ExtensibilityGlobals) = postSolution
		SolutionGuid = {3E6D709C-C4BA-43AA-BE87-8AC8572DE51E}
	EndGlobalSection
EndGlobal
